PODS:
  - Alamofire (5.8.0)
  - boost (1.76.0)
  - DoubleConversion (1.1.6)
  - EXApplication (5.1.1):
    - ExpoModulesCore
  - EXConstants (14.2.1):
    - ExpoModulesCore
  - EXFileSystem (15.2.2):
    - ExpoModulesCore
  - EXFont (11.1.1):
    - ExpoModulesCore
  - EXMediaLibrary (15.2.3):
    - ExpoModulesCore
    - React-Core
  - Expo (48.0.10):
    - ExpoModulesCore
  - ExpoBackgroundFetch (11.8.1):
    - ExpoModulesCore
  - ExpoClipboard (4.1.2):
    - ExpoModulesCore
  - ExpoKeepAwake (12.0.1):
    - ExpoModulesCore
  - ExpoLocalAuthentication (13.2.1):
    - ExpoModulesCore
  - ExpoModulesCore (1.2.6):
    - React-Core
    - React-RCTAppDelegate
    - ReactCommon/turbomodule/core
  - ExpoNetwork (5.2.1):
    - ExpoModulesCore
  - ExpoVideoThumbnails (7.2.1):
    - ExpoModulesCore
  - EXTaskManager (11.7.2):
    - ExpoModulesCore
    - UMAppLoader
  - FBLazyVector (0.71.13)
  - FBReactNativeSpec (0.71.13):
    - RCT-Folly (= 2021.07.22.00)
    - RCTRequired (= 0.71.13)
    - RCTTypeSafety (= 0.71.13)
    - React-Core (= 0.71.13)
    - React-jsi (= 0.71.13)
    - ReactCommon/turbomodule/core (= 0.71.13)
  - fmt (6.2.1)
  - glog (0.3.5)
  - libwebp (1.3.2):
    - libwebp/demux (= 1.3.2)
    - libwebp/mux (= 1.3.2)
    - libwebp/sharpyuv (= 1.3.2)
    - libwebp/webp (= 1.3.2)
  - libwebp/demux (1.3.2):
    - libwebp/webp
  - libwebp/mux (1.3.2):
    - libwebp/demux
  - libwebp/sharpyuv (1.3.2)
  - libwebp/webp (1.3.2):
    - libwebp/sharpyuv
  - MMKV (1.2.16):
    - MMKVCore (~> 1.2.16)
  - MMKVAppExtension (1.2.16):
    - MMKVCore (~> 1.2.16)
  - MMKVCore (1.2.16)
  - nodejs-mobile-react-native (0.8.1):
    - React-Core
  - OpenSSL-Universal (1.1.2200)
  - RCT-Folly (2021.07.22.00):
    - boost
    - DoubleConversion
    - fmt (~> 6.2.1)
    - glog
    - RCT-Folly/Default (= 2021.07.22.00)
  - RCT-Folly/Default (2021.07.22.00):
    - boost
    - DoubleConversion
    - fmt (~> 6.2.1)
    - glog
  - RCTRequired (0.71.13)
  - RCTTypeSafety (0.71.13):
    - FBLazyVector (= 0.71.13)
    - RCTRequired (= 0.71.13)
    - React-Core (= 0.71.13)
  - React (0.71.13):
    - React-Core (= 0.71.13)
    - React-Core/DevSupport (= 0.71.13)
    - React-Core/RCTWebSocket (= 0.71.13)
    - React-RCTActionSheet (= 0.71.13)
    - React-RCTAnimation (= 0.71.13)
    - React-RCTBlob (= 0.71.13)
    - React-RCTImage (= 0.71.13)
    - React-RCTLinking (= 0.71.13)
    - React-RCTNetwork (= 0.71.13)
    - React-RCTSettings (= 0.71.13)
    - React-RCTText (= 0.71.13)
    - React-RCTVibration (= 0.71.13)
  - React-callinvoker (0.71.13)
  - React-Codegen (0.71.13):
    - FBReactNativeSpec
    - RCT-Folly
    - RCTRequired
    - RCTTypeSafety
    - React-Core
    - React-jsc
    - React-jsi
    - React-jsiexecutor
    - ReactCommon/turbomodule/bridging
    - ReactCommon/turbomodule/core
  - React-Core (0.71.13):
    - glog
    - RCT-Folly (= 2021.07.22.00)
    - React-Core/Default (= 0.71.13)
    - React-cxxreact (= 0.71.13)
    - React-jsc
    - React-jsi (= 0.71.13)
    - React-jsiexecutor (= 0.71.13)
    - React-perflogger (= 0.71.13)
    - Yoga
  - React-Core/CoreModulesHeaders (0.71.13):
    - glog
    - RCT-Folly (= 2021.07.22.00)
    - React-Core/Default
    - React-cxxreact (= 0.71.13)
    - React-jsc
    - React-jsi (= 0.71.13)
    - React-jsiexecutor (= 0.71.13)
    - React-perflogger (= 0.71.13)
    - Yoga
  - React-Core/Default (0.71.13):
    - glog
    - RCT-Folly (= 2021.07.22.00)
    - React-cxxreact (= 0.71.13)
    - React-jsc
    - React-jsi (= 0.71.13)
    - React-jsiexecutor (= 0.71.13)
    - React-perflogger (= 0.71.13)
    - Yoga
  - React-Core/DevSupport (0.71.13):
    - glog
    - RCT-Folly (= 2021.07.22.00)
    - React-Core/Default (= 0.71.13)
    - React-Core/RCTWebSocket (= 0.71.13)
    - React-cxxreact (= 0.71.13)
    - React-jsc
    - React-jsi (= 0.71.13)
    - React-jsiexecutor (= 0.71.13)
    - React-jsinspector (= 0.71.13)
    - React-perflogger (= 0.71.13)
    - Yoga
  - React-Core/RCTActionSheetHeaders (0.71.13):
    - glog
    - RCT-Folly (= 2021.07.22.00)
    - React-Core/Default
    - React-cxxreact (= 0.71.13)
    - React-jsc
    - React-jsi (= 0.71.13)
    - React-jsiexecutor (= 0.71.13)
    - React-perflogger (= 0.71.13)
    - Yoga
  - React-Core/RCTAnimationHeaders (0.71.13):
    - glog
    - RCT-Folly (= 2021.07.22.00)
    - React-Core/Default
    - React-cxxreact (= 0.71.13)
    - React-jsc
    - React-jsi (= 0.71.13)
    - React-jsiexecutor (= 0.71.13)
    - React-perflogger (= 0.71.13)
    - Yoga
  - React-Core/RCTBlobHeaders (0.71.13):
    - glog
    - RCT-Folly (= 2021.07.22.00)
    - React-Core/Default
    - React-cxxreact (= 0.71.13)
    - React-jsc
    - React-jsi (= 0.71.13)
    - React-jsiexecutor (= 0.71.13)
    - React-perflogger (= 0.71.13)
    - Yoga
  - React-Core/RCTImageHeaders (0.71.13):
    - glog
    - RCT-Folly (= 2021.07.22.00)
    - React-Core/Default
    - React-cxxreact (= 0.71.13)
    - React-jsc
    - React-jsi (= 0.71.13)
    - React-jsiexecutor (= 0.71.13)
    - React-perflogger (= 0.71.13)
    - Yoga
  - React-Core/RCTLinkingHeaders (0.71.13):
    - glog
    - RCT-Folly (= 2021.07.22.00)
    - React-Core/Default
    - React-cxxreact (= 0.71.13)
    - React-jsc
    - React-jsi (= 0.71.13)
    - React-jsiexecutor (= 0.71.13)
    - React-perflogger (= 0.71.13)
    - Yoga
  - React-Core/RCTNetworkHeaders (0.71.13):
    - glog
    - RCT-Folly (= 2021.07.22.00)
    - React-Core/Default
    - React-cxxreact (= 0.71.13)
    - React-jsc
    - React-jsi (= 0.71.13)
    - React-jsiexecutor (= 0.71.13)
    - React-perflogger (= 0.71.13)
    - Yoga
  - React-Core/RCTSettingsHeaders (0.71.13):
    - glog
    - RCT-Folly (= 2021.07.22.00)
    - React-Core/Default
    - React-cxxreact (= 0.71.13)
    - React-jsc
    - React-jsi (= 0.71.13)
    - React-jsiexecutor (= 0.71.13)
    - React-perflogger (= 0.71.13)
    - Yoga
  - React-Core/RCTTextHeaders (0.71.13):
    - glog
    - RCT-Folly (= 2021.07.22.00)
    - React-Core/Default
    - React-cxxreact (= 0.71.13)
    - React-jsc
    - React-jsi (= 0.71.13)
    - React-jsiexecutor (= 0.71.13)
    - React-perflogger (= 0.71.13)
    - Yoga
  - React-Core/RCTVibrationHeaders (0.71.13):
    - glog
    - RCT-Folly (= 2021.07.22.00)
    - React-Core/Default
    - React-cxxreact (= 0.71.13)
    - React-jsc
    - React-jsi (= 0.71.13)
    - React-jsiexecutor (= 0.71.13)
    - React-perflogger (= 0.71.13)
    - Yoga
  - React-Core/RCTWebSocket (0.71.13):
    - glog
    - RCT-Folly (= 2021.07.22.00)
    - React-Core/Default (= 0.71.13)
    - React-cxxreact (= 0.71.13)
    - React-jsc
    - React-jsi (= 0.71.13)
    - React-jsiexecutor (= 0.71.13)
    - React-perflogger (= 0.71.13)
    - Yoga
  - React-CoreModules (0.71.13):
    - RCT-Folly (= 2021.07.22.00)
    - RCTTypeSafety (= 0.71.13)
    - React-Codegen (= 0.71.13)
    - React-Core/CoreModulesHeaders (= 0.71.13)
    - React-jsi (= 0.71.13)
    - React-RCTBlob
    - React-RCTImage (= 0.71.13)
    - ReactCommon/turbomodule/core (= 0.71.13)
  - React-cxxreact (0.71.13):
    - boost (= 1.76.0)
    - DoubleConversion
    - glog
    - RCT-Folly (= 2021.07.22.00)
    - React-callinvoker (= 0.71.13)
    - React-jsi (= 0.71.13)
    - React-jsinspector (= 0.71.13)
    - React-logger (= 0.71.13)
    - React-perflogger (= 0.71.13)
    - React-runtimeexecutor (= 0.71.13)
  - React-jsc (0.71.13):
    - React-jsc/Fabric (= 0.71.13)
    - React-jsi (= 0.71.13)
  - React-jsc/Fabric (0.71.13):
    - React-jsi (= 0.71.13)
  - React-jsi (0.71.13):
    - boost (= 1.76.0)
    - DoubleConversion
    - glog
    - RCT-Folly (= 2021.07.22.00)
  - React-jsiexecutor (0.71.13):
    - DoubleConversion
    - glog
    - RCT-Folly (= 2021.07.22.00)
    - React-cxxreact (= 0.71.13)
    - React-jsi (= 0.71.13)
    - React-perflogger (= 0.71.13)
  - React-jsinspector (0.71.13)
  - React-logger (0.71.13):
    - glog
  - react-native-blob-util (0.19.6):
    - React-Core
  - react-native-document-picker (9.1.0):
    - React-Core
  - react-native-heic-converter (1.3.2):
    - React
  - react-native-image-picker (7.1.0):
    - RCT-Folly (= 2021.07.22.00)
    - React-Core
  - react-native-image-resizer (1.4.5):
    - React-Core
  - react-native-ios-assset-exporter (0.1.7):
    - React-Core
  - react-native-mmkv (2.10.2):
    - MMKV (>= 1.2.13)
    - React-Core
  - react-native-netinfo (11.2.1):
    - React-Core
  - react-native-notifications (5.1.0):
    - React-Core
  - react-native-saf-x (2.2.3):
    - React-Core
  - react-native-safe-area-context (4.8.2):
    - React-Core
  - react-native-sqlite-storage (6.0.1):
    - React-Core
  - react-native-webview (13.6.3):
    - React-Core
  - React-perflogger (0.71.13)
  - React-RCTActionSheet (0.71.13):
    - React-Core/RCTActionSheetHeaders (= 0.71.13)
  - React-RCTAnimation (0.71.13):
    - RCT-Folly (= 2021.07.22.00)
    - RCTTypeSafety (= 0.71.13)
    - React-Codegen (= 0.71.13)
    - React-Core/RCTAnimationHeaders (= 0.71.13)
    - React-jsi (= 0.71.13)
    - ReactCommon/turbomodule/core (= 0.71.13)
  - React-RCTAppDelegate (0.71.13):
    - RCT-Folly
    - RCTRequired
    - RCTTypeSafety
    - React-Core
    - ReactCommon/turbomodule/core
  - React-RCTBlob (0.71.13):
    - RCT-Folly (= 2021.07.22.00)
    - React-Codegen (= 0.71.13)
    - React-Core/RCTBlobHeaders (= 0.71.13)
    - React-Core/RCTWebSocket (= 0.71.13)
    - React-jsi (= 0.71.13)
    - React-RCTNetwork (= 0.71.13)
    - ReactCommon/turbomodule/core (= 0.71.13)
  - React-RCTImage (0.71.13):
    - RCT-Folly (= 2021.07.22.00)
    - RCTTypeSafety (= 0.71.13)
    - React-Codegen (= 0.71.13)
    - React-Core/RCTImageHeaders (= 0.71.13)
    - React-jsi (= 0.71.13)
    - React-RCTNetwork (= 0.71.13)
    - ReactCommon/turbomodule/core (= 0.71.13)
  - React-RCTLinking (0.71.13):
    - React-Codegen (= 0.71.13)
    - React-Core/RCTLinkingHeaders (= 0.71.13)
    - React-jsi (= 0.71.13)
    - ReactCommon/turbomodule/core (= 0.71.13)
  - React-RCTNetwork (0.71.13):
    - RCT-Folly (= 2021.07.22.00)
    - RCTTypeSafety (= 0.71.13)
    - React-Codegen (= 0.71.13)
    - React-Core/RCTNetworkHeaders (= 0.71.13)
    - React-jsi (= 0.71.13)
    - ReactCommon/turbomodule/core (= 0.71.13)
  - React-RCTSettings (0.71.13):
    - RCT-Folly (= 2021.07.22.00)
    - RCTTypeSafety (= 0.71.13)
    - React-Codegen (= 0.71.13)
    - React-Core/RCTSettingsHeaders (= 0.71.13)
    - React-jsi (= 0.71.13)
    - ReactCommon/turbomodule/core (= 0.71.13)
  - React-RCTText (0.71.13):
    - React-Core/RCTTextHeaders (= 0.71.13)
  - React-RCTVibration (0.71.13):
    - RCT-Folly (= 2021.07.22.00)
    - React-Codegen (= 0.71.13)
    - React-Core/RCTVibrationHeaders (= 0.71.13)
    - React-jsi (= 0.71.13)
    - ReactCommon/turbomodule/core (= 0.71.13)
  - React-runtimeexecutor (0.71.13):
    - React-jsi (= 0.71.13)
  - ReactCommon/turbomodule/bridging (0.71.13):
    - DoubleConversion
    - glog
    - RCT-Folly (= 2021.07.22.00)
    - React-callinvoker (= 0.71.13)
    - React-Core (= 0.71.13)
    - React-cxxreact (= 0.71.13)
    - React-jsi (= 0.71.13)
    - React-logger (= 0.71.13)
    - React-perflogger (= 0.71.13)
  - ReactCommon/turbomodule/core (0.71.13):
    - DoubleConversion
    - glog
    - RCT-Folly (= 2021.07.22.00)
    - React-callinvoker (= 0.71.13)
    - React-Core (= 0.71.13)
    - React-cxxreact (= 0.71.13)
    - React-jsi (= 0.71.13)
    - React-logger (= 0.71.13)
    - React-perflogger (= 0.71.13)
  - RNBootSplash (5.4.0):
    - React-Core
  - RNCPicker (2.6.1):
    - React-Core
  - RNDeviceInfo (10.12.0):
    - React-Core
  - RNFastImage (8.6.3):
    - React-Core
    - SDWebImage (~> 5.11.1)
    - SDWebImageWebPCoder (~> 0.8.4)
  - RNFileViewer (2.1.5):
    - React-Core
  - RNFlashList (1.6.3):
    - React-Core
  - RNGestureHandler (2.14.1):
    - RCT-Folly (= 2021.07.22.00)
    - React-Core
  - RNNotifee (7.8.0):
    - React-Core
    - RNNotifee/NotifeeCore (= 7.8.0)
  - RNNotifee/NotifeeCore (7.8.0):
    - React-Core
  - RNPermissions (4.0.4):
    - React-Core
  - RNReanimated (3.6.1):
    - RCT-Folly (= 2021.07.22.00)
    - React-Core
    - ReactCommon/turbomodule/core
  - RNScreens (3.29.0):
    - RCT-Folly (= 2021.07.22.00)
    - React-Core
  - RNSentry (5.16.0):
    - React-Core
    - Sentry/HybridSDK (= 8.17.1)
  - RNShare (10.0.2):
    - React-Core
  - RNShareMenu (6.0.0):
    - React
  - RNSVG (14.1.0):
    - React-Core
  - SDWebImage (5.11.1):
    - SDWebImage/Core (= 5.11.1)
  - SDWebImage/Core (5.11.1)
  - SDWebImageWebPCoder (0.8.5):
    - libwebp (~> 1.0)
    - SDWebImage/Core (~> 5.10)
  - Sentry/HybridSDK (8.17.1):
    - SentryPrivate (= 8.17.1)
  - SentryPrivate (8.17.1)
  - SwiftyRSA (1.7.0):
    - SwiftyRSA/ObjC (= 1.7.0)
  - SwiftyRSA/ObjC (1.7.0)
  - UMAppLoader (4.5.0)
  - Yoga (1.14.0)

DEPENDENCIES:
  - Alamofire
  - boost (from `../node_modules/react-native/third-party-podspecs/boost.podspec`)
  - DoubleConversion (from `../node_modules/react-native/third-party-podspecs/DoubleConversion.podspec`)
  - EXApplication (from `../node_modules/expo-application/ios`)
  - EXConstants (from `../node_modules/expo-constants/ios`)
  - EXFileSystem (from `../node_modules/expo-file-system/ios`)
  - EXFont (from `../node_modules/expo-font/ios`)
  - EXMediaLibrary (from `../node_modules/expo-media-library/ios`)
  - Expo (from `../node_modules/expo`)
  - ExpoBackgroundFetch (from `../node_modules/expo-background-fetch/ios`)
  - ExpoClipboard (from `../node_modules/expo-clipboard/ios`)
  - ExpoKeepAwake (from `../node_modules/expo-keep-awake/ios`)
  - ExpoLocalAuthentication (from `../node_modules/expo-local-authentication/ios`)
  - ExpoModulesCore (from `../node_modules/expo-modules-core`)
  - ExpoNetwork (from `../node_modules/expo-network/ios`)
  - ExpoVideoThumbnails (from `../node_modules/expo-video-thumbnails/ios`)
  - EXTaskManager (from `../node_modules/expo-task-manager/ios`)
  - FBLazyVector (from `../node_modules/react-native/Libraries/FBLazyVector`)
  - FBReactNativeSpec (from `../node_modules/react-native/React/FBReactNativeSpec`)
  - glog (from `../node_modules/react-native/third-party-podspecs/glog.podspec`)
  - MMKVAppExtension (= 1.2.16)
  - nodejs-mobile-react-native (from `../node_modules/nodejs-mobile-react-native`)
  - OpenSSL-Universal
  - RCT-Folly (from `../node_modules/react-native/third-party-podspecs/RCT-Folly.podspec`)
  - RCTRequired (from `../node_modules/react-native/Libraries/RCTRequired`)
  - RCTTypeSafety (from `../node_modules/react-native/Libraries/TypeSafety`)
  - React (from `../node_modules/react-native/`)
  - React-callinvoker (from `../node_modules/react-native/ReactCommon/callinvoker`)
  - React-Codegen (from `build/generated/ios`)
  - React-Core (from `../node_modules/react-native/`)
  - React-Core/RCTWebSocket (from `../node_modules/react-native/`)
  - React-CoreModules (from `../node_modules/react-native/React/CoreModules`)
  - React-cxxreact (from `../node_modules/react-native/ReactCommon/cxxreact`)
  - React-jsc (from `../node_modules/react-native/ReactCommon/jsc`)
  - React-jsi (from `../node_modules/react-native/ReactCommon/jsi`)
  - React-jsiexecutor (from `../node_modules/react-native/ReactCommon/jsiexecutor`)
  - React-jsinspector (from `../node_modules/react-native/ReactCommon/jsinspector`)
  - React-logger (from `../node_modules/react-native/ReactCommon/logger`)
  - react-native-blob-util (from `../node_modules/react-native-blob-util`)
  - react-native-document-picker (from `../node_modules/react-native-document-picker`)
  - react-native-heic-converter (from `../node_modules/react-native-heic-converter`)
  - react-native-image-picker (from `../node_modules/react-native-image-picker`)
  - react-native-image-resizer (from `../node_modules/react-native-image-resizer`)
  - react-native-ios-assset-exporter (from `../node_modules/react-native-ios-asset-exporter`)
  - react-native-mmkv (from `../node_modules/react-native-mmkv`)
  - "react-native-netinfo (from `../node_modules/@react-native-community/netinfo`)"
  - react-native-notifications (from `../node_modules/react-native-notifications`)
  - react-native-saf-x (from `../node_modules/react-native-saf-x`)
  - react-native-safe-area-context (from `../node_modules/react-native-safe-area-context`)
  - react-native-sqlite-storage (from `../node_modules/react-native-sqlite-storage`)
  - react-native-webview (from `../node_modules/react-native-webview`)
  - React-perflogger (from `../node_modules/react-native/ReactCommon/reactperflogger`)
  - React-RCTActionSheet (from `../node_modules/react-native/Libraries/ActionSheetIOS`)
  - React-RCTAnimation (from `../node_modules/react-native/Libraries/NativeAnimation`)
  - React-RCTAppDelegate (from `../node_modules/react-native/Libraries/AppDelegate`)
  - React-RCTBlob (from `../node_modules/react-native/Libraries/Blob`)
  - React-RCTImage (from `../node_modules/react-native/Libraries/Image`)
  - React-RCTLinking (from `../node_modules/react-native/Libraries/LinkingIOS`)
  - React-RCTNetwork (from `../node_modules/react-native/Libraries/Network`)
  - React-RCTSettings (from `../node_modules/react-native/Libraries/Settings`)
  - React-RCTText (from `../node_modules/react-native/Libraries/Text`)
  - React-RCTVibration (from `../node_modules/react-native/Libraries/Vibration`)
  - React-runtimeexecutor (from `../node_modules/react-native/ReactCommon/runtimeexecutor`)
  - ReactCommon/turbomodule/core (from `../node_modules/react-native/ReactCommon`)
  - RNBootSplash (from `../node_modules/react-native-bootsplash`)
  - "RNCPicker (from `../node_modules/@react-native-picker/picker`)"
  - RNDeviceInfo (from `../node_modules/react-native-device-info`)
  - RNFastImage (from `../node_modules/react-native-fast-image`)
  - RNFileViewer (from `../node_modules/react-native-file-viewer`)
  - "RNFlashList (from `../node_modules/@shopify/flash-list`)"
  - RNGestureHandler (from `../node_modules/react-native-gesture-handler`)
  - "RNNotifee (from `../node_modules/@notifee/react-native`)"
  - RNPermissions (from `../node_modules/react-native-permissions`)
  - RNReanimated (from `../node_modules/react-native-reanimated`)
  - RNScreens (from `../node_modules/react-native-screens`)
  - "RNSentry (from `../node_modules/@sentry/react-native`)"
  - RNShare (from `../node_modules/react-native-share`)
  - RNShareMenu (from `../node_modules/react-native-share-menu`)
  - RNSVG (from `../node_modules/react-native-svg`)
  - SwiftyRSA
  - UMAppLoader (from `../node_modules/unimodules-app-loader/ios`)
  - Yoga (from `../node_modules/react-native/ReactCommon/yoga`)

SPEC REPOS:
  trunk:
    - Alamofire
    - fmt
    - libwebp
    - MMKV
    - MMKVAppExtension
    - MMKVCore
    - OpenSSL-Universal
    - SDWebImage
    - SDWebImageWebPCoder
    - Sentry
    - SentryPrivate
    - SwiftyRSA

EXTERNAL SOURCES:
  boost:
    :podspec: "../node_modules/react-native/third-party-podspecs/boost.podspec"
  DoubleConversion:
    :podspec: "../node_modules/react-native/third-party-podspecs/DoubleConversion.podspec"
  EXApplication:
    :path: "../node_modules/expo-application/ios"
  EXConstants:
    :path: "../node_modules/expo-constants/ios"
  EXFileSystem:
    :path: "../node_modules/expo-file-system/ios"
  EXFont:
    :path: "../node_modules/expo-font/ios"
  EXMediaLibrary:
    :path: "../node_modules/expo-media-library/ios"
  Expo:
    :path: "../node_modules/expo"
  ExpoBackgroundFetch:
    :path: "../node_modules/expo-background-fetch/ios"
  ExpoClipboard:
    :path: "../node_modules/expo-clipboard/ios"
  ExpoKeepAwake:
    :path: "../node_modules/expo-keep-awake/ios"
  ExpoLocalAuthentication:
    :path: "../node_modules/expo-local-authentication/ios"
  ExpoModulesCore:
    :path: "../node_modules/expo-modules-core"
  ExpoNetwork:
    :path: "../node_modules/expo-network/ios"
  ExpoVideoThumbnails:
    :path: "../node_modules/expo-video-thumbnails/ios"
  EXTaskManager:
    :path: "../node_modules/expo-task-manager/ios"
  FBLazyVector:
    :path: "../node_modules/react-native/Libraries/FBLazyVector"
  FBReactNativeSpec:
    :path: "../node_modules/react-native/React/FBReactNativeSpec"
  glog:
    :podspec: "../node_modules/react-native/third-party-podspecs/glog.podspec"
  nodejs-mobile-react-native:
    :path: "../node_modules/nodejs-mobile-react-native"
  RCT-Folly:
    :podspec: "../node_modules/react-native/third-party-podspecs/RCT-Folly.podspec"
  RCTRequired:
    :path: "../node_modules/react-native/Libraries/RCTRequired"
  RCTTypeSafety:
    :path: "../node_modules/react-native/Libraries/TypeSafety"
  React:
    :path: "../node_modules/react-native/"
  React-callinvoker:
    :path: "../node_modules/react-native/ReactCommon/callinvoker"
  React-Codegen:
    :path: build/generated/ios
  React-Core:
    :path: "../node_modules/react-native/"
  React-CoreModules:
    :path: "../node_modules/react-native/React/CoreModules"
  React-cxxreact:
    :path: "../node_modules/react-native/ReactCommon/cxxreact"
  React-jsc:
    :path: "../node_modules/react-native/ReactCommon/jsc"
  React-jsi:
    :path: "../node_modules/react-native/ReactCommon/jsi"
  React-jsiexecutor:
    :path: "../node_modules/react-native/ReactCommon/jsiexecutor"
  React-jsinspector:
    :path: "../node_modules/react-native/ReactCommon/jsinspector"
  React-logger:
    :path: "../node_modules/react-native/ReactCommon/logger"
  react-native-blob-util:
    :path: "../node_modules/react-native-blob-util"
  react-native-document-picker:
    :path: "../node_modules/react-native-document-picker"
  react-native-heic-converter:
    :path: "../node_modules/react-native-heic-converter"
  react-native-image-picker:
    :path: "../node_modules/react-native-image-picker"
  react-native-image-resizer:
    :path: "../node_modules/react-native-image-resizer"
  react-native-ios-assset-exporter:
    :path: "../node_modules/react-native-ios-asset-exporter"
  react-native-mmkv:
    :path: "../node_modules/react-native-mmkv"
  react-native-netinfo:
    :path: "../node_modules/@react-native-community/netinfo"
  react-native-notifications:
    :path: "../node_modules/react-native-notifications"
  react-native-saf-x:
    :path: "../node_modules/react-native-saf-x"
  react-native-safe-area-context:
    :path: "../node_modules/react-native-safe-area-context"
  react-native-sqlite-storage:
    :path: "../node_modules/react-native-sqlite-storage"
  react-native-webview:
    :path: "../node_modules/react-native-webview"
  React-perflogger:
    :path: "../node_modules/react-native/ReactCommon/reactperflogger"
  React-RCTActionSheet:
    :path: "../node_modules/react-native/Libraries/ActionSheetIOS"
  React-RCTAnimation:
    :path: "../node_modules/react-native/Libraries/NativeAnimation"
  React-RCTAppDelegate:
    :path: "../node_modules/react-native/Libraries/AppDelegate"
  React-RCTBlob:
    :path: "../node_modules/react-native/Libraries/Blob"
  React-RCTImage:
    :path: "../node_modules/react-native/Libraries/Image"
  React-RCTLinking:
    :path: "../node_modules/react-native/Libraries/LinkingIOS"
  React-RCTNetwork:
    :path: "../node_modules/react-native/Libraries/Network"
  React-RCTSettings:
    :path: "../node_modules/react-native/Libraries/Settings"
  React-RCTText:
    :path: "../node_modules/react-native/Libraries/Text"
  React-RCTVibration:
    :path: "../node_modules/react-native/Libraries/Vibration"
  React-runtimeexecutor:
    :path: "../node_modules/react-native/ReactCommon/runtimeexecutor"
  ReactCommon:
    :path: "../node_modules/react-native/ReactCommon"
  RNBootSplash:
    :path: "../node_modules/react-native-bootsplash"
  RNCPicker:
    :path: "../node_modules/@react-native-picker/picker"
  RNDeviceInfo:
    :path: "../node_modules/react-native-device-info"
  RNFastImage:
    :path: "../node_modules/react-native-fast-image"
  RNFileViewer:
    :path: "../node_modules/react-native-file-viewer"
  RNFlashList:
    :path: "../node_modules/@shopify/flash-list"
  RNGestureHandler:
    :path: "../node_modules/react-native-gesture-handler"
  RNNotifee:
    :path: "../node_modules/@notifee/react-native"
  RNPermissions:
    :path: "../node_modules/react-native-permissions"
  RNReanimated:
    :path: "../node_modules/react-native-reanimated"
  RNScreens:
    :path: "../node_modules/react-native-screens"
  RNSentry:
    :path: "../node_modules/@sentry/react-native"
  RNShare:
    :path: "../node_modules/react-native-share"
  RNShareMenu:
    :path: "../node_modules/react-native-share-menu"
  RNSVG:
    :path: "../node_modules/react-native-svg"
  UMAppLoader:
    :path: "../node_modules/unimodules-app-loader/ios"
  Yoga:
    :path: "../node_modules/react-native/ReactCommon/yoga"

SPEC CHECKSUMS:
  Alamofire: 0e92e751b3e9e66d7982db43919d01f313b8eb91
  boost: 57d2868c099736d80fcd648bf211b4431e51a558
  DoubleConversion: cf9b38bf0b2d048436d9a82ad2abe1404f11e7de
  EXApplication: d8f53a7eee90a870a75656280e8d4b85726ea903
  EXConstants: f348da07e21b23d2b085e270d7b74f282df1a7d9
  EXFileSystem: 844e86ca9b5375486ecc4ef06d3838d5597d895d
  EXFont: 6ea3800df746be7233208d80fe379b8ed74f4272
  EXMediaLibrary: 587cd8aad27a6fc8d7c38b950bc75bc1845a7480
  Expo: b04d142a2b477a391b47c62d179c1a9e1140e6ad
  ExpoBackgroundFetch: 80d41ec15c6cce0bafb5d2326b8e85f42152eba7
  ExpoClipboard: 9b87df0ad145e3aa841614fab6aea54b7a604850
  ExpoKeepAwake: 69f5f627670d62318410392d03e0b5db0f85759a
  ExpoLocalAuthentication: b870b7a8df5e15b8b0be042185a2bb7764093096
  ExpoModulesCore: 6e0259511f4c4341b6b8357db393624df2280828
  ExpoNetwork: 242fe1bd68bfe744a2f69fccfe4bfe1d89d1e790
  ExpoVideoThumbnails: 0021303b614a89fcc5df8b59d9d37ddf14a7d4cf
  EXTaskManager: 3e446dbf75cd662aa6e7d6828be5bc26265241c3
  FBLazyVector: 24e08bf294faea0abc0278abb2fcad7f3e446f6f
  FBReactNativeSpec: c949e4b726d8cf9e19b73be60ecfa26355deceb3
  fmt: ff9d55029c625d3757ed641535fd4a75fedc7ce9
  glog: 73c2498ac6884b13ede40eda8228cb1eee9d9d62
  libwebp: 1786c9f4ff8a279e4dac1e8f385004d5fc253009
  MMKV: 784471ce430a2e2d16afef9053d63fab1b357d9e
  MMKVAppExtension: 2cc976e8a9a796a86ada7a95b0d407d6925e1262
  MMKVCore: 9cfef4c48c6c46f66226fc2e4634d78490206a48
  nodejs-mobile-react-native: e35e7ed7ecfca168f168983e9557f1c5278d864b
  OpenSSL-Universal: 6e1ae0555546e604dbc632a2b9a24a9c46c41ef6
  RCT-Folly: 424b8c9a7a0b9ab2886ffe9c3b041ef628fd4fb1
  RCTRequired: c20235648eeb64a874f55459ceae6b081956318d
  RCTTypeSafety: ca004f1fe0b76f7936f7fe7dfd761a4386cf72f5
  React: b27df2b1da30335cf1bf1909056c4e1c3a3603ae
  React-callinvoker: f2a69510d781d8226d51342a3cbe8a9b13573ea5
  React-Codegen: fc3a9885cb4d341b87dc28627dc55d21abc89788
  React-Core: ba3402af336f345b2178d97be2dd5d8d70f8f068
  React-CoreModules: 0e081b26ab034992d6a60217fc35a83e8ad9b8ed
  React-cxxreact: 65b6f835fb2654a8c2011412bad4f8a2f4d1ccca
  React-jsc: 61eedc91c322c4d393cf8369a059902de301f2c9
  React-jsi: a05a2aab770ba542966849e45f330bc366ad8905
  React-jsiexecutor: 619be858f64120a6b9c1b36c1e8c538b55872e23
  React-jsinspector: 7e58fe86c7cc442fd11da0c9d8bef12a8d63f771
  React-logger: a3f6ca0d018749852a2a6f07c154bfc6fcd4195a
  react-native-blob-util: d8fa1a7f726867907a8e43163fdd8b441d4489ea
  react-native-document-picker: b4f4a23b73f864ce17965b284c0757648993805b
  react-native-heic-converter: 8f7cd7a143ef013a54540ef7ebbc232cecb4fa87
  react-native-image-picker: 5e076db26cd81660cfb6db5bcf517cfa12054d45
  react-native-image-resizer: d9fb629a867335bdc13230ac2a58702bb8c8828f
  react-native-ios-assset-exporter: 50839b94246887e9c2179c39f8c0163d9d823332
  react-native-mmkv: 9ae7ca3977e8ef48dbf7f066974eb844c20b5fd7
  react-native-netinfo: 8a7fd3f7130ef4ad2fb4276d5c9f8d3f28d2df3d
  react-native-notifications: 4601a5a8db4ced6ae7cfc43b44d35fe437ac50c4
  react-native-saf-x: 0674418b3dc3279fadfbf346880702d01c1f9035
  react-native-safe-area-context: 0ee144a6170530ccc37a0fd9388e28d06f516a89
  react-native-sqlite-storage: f6d515e1c446d1e6d026aa5352908a25d4de3261
  react-native-webview: 88293a0f23eca8465c0433c023ec632930e644d0
  React-perflogger: 431a655960a02f01257d631b2a9bfbb02fd21064
  React-RCTActionSheet: 38c8d496d0faa63013d16f709e10a3acf6b5f100
  React-RCTAnimation: 6da4d599f3262ed8021433ddd96de45ac9e731b1
  React-RCTAppDelegate: 3053338f2a9ebbaccb3828b3d471250a7e7b878c
  React-RCTBlob: 54afdbd19710a6d0be0c28b64a4a0db625bc2a30
  React-RCTImage: 4e31e6ebf2b9705831d1855425a043b40eec1f61
  React-RCTLinking: 22ac16d44e2df03e9ca9125273fc58a7c507f529
  React-RCTNetwork: 4bacd206834633c23475485dbc21c18563627af4
  React-RCTSettings: 4e4ace986ae92a7e1696fdac11615576b698f337
  React-RCTText: 37a1341bdf1f80e9909f6b69a7a9ee747cb682d3
  React-RCTVibration: 2271362cdf9ff2dae6a2156f5101e5c30b02694d
  React-runtimeexecutor: 35cec6420c9d4144b0d06f9fdb093cf8f02bd52c
  ReactCommon: 56296d2632e8eb53e94a2b7c0d05db694e164ca7
  RNBootSplash: 009c55e0258f3e56be9c5f7a578bf2baf140c4bc
  RNCPicker: b18aaf30df596e9b1738e7c1f9ee55402a229dca
  RNDeviceInfo: db5c64a060e66e5db3102d041ebe3ef307a85120
  RNFastImage: 5c9c9fed9c076e521b3f509fe79e790418a544e8
  RNFileViewer: ce7ca3ac370e18554d35d6355cffd7c30437c592
  RNFlashList: 4b4b6b093afc0df60ae08f9cbf6ccd4c836c667a
  RNGestureHandler: fe2be3be5598dc74329b211c58c9f2d231461769
  RNNotifee: f3c01b391dd8e98e67f539f9a35a9cbcd3bae744
  RNPermissions: cabcd9964a1855a65bebd6bd09b1964ff120465b
  RNReanimated: dc83bf2068bbc91572938337c5b2030641de1415
  RNScreens: 3c5b9f4a9dcde752466854b6109b79c0e205dad3
  RNSentry: 5090dfc9431172b057c3558ecb7ca00d0527f8cb
  RNShare: 859ff710211285676b0bcedd156c12437ea1d564
  RNShareMenu: cb9dac548c8bf147d06f0bf07296ad51ea9f5fc3
  RNSVG: ba3e7232f45e34b7b47e74472386cf4e1a676d0a
  SDWebImage: a7f831e1a65eb5e285e3fb046a23fcfbf08e696d
  SDWebImageWebPCoder: 908b83b6adda48effe7667cd2b7f78c897e5111d
  Sentry: d9f99f9cc13777c5d938650c1e1c85047bb4f0d1
  SentryPrivate: 839b1e58addf58624087a80b2628e543193fa8ef
  SwiftyRSA: 8c6dd1ea7db1b8dc4fb517a202f88bb1354bc2c6
  UMAppLoader: 5df85360d65cabaef544be5424ac64672e648482
  Yoga: 135109c9b8c5d1a8af3a58d21cd4c7aa7f3bf555

PODFILE CHECKSUM: 5392e769d7bbe5e14ee9b74500a3ebab7c454f86

COCOAPODS: 1.11.2
